
Microsoft Visual Studio Solution File, Format Version 12.00
# Visual Studio 14
VisualStudioVersion = 14.0.25420.1
MinimumVisualStudioVersion = 10.0.40219.1
Project("{FAE04EC0-301F-11D3-BF4B-00C04F79EFBC}") = "SeedNode", "SeedNode\SeedNode.csproj", "{E0CF388C-4331-40B9-8404-C27BC53D7B29}"
EndProject
Project("{FAE04EC0-301F-11D3-BF4B-00C04F79EFBC}") = "Monitor", "Monitor\Monitor.csproj", "{1350C4B1-908E-49A3-B4AB-694EBCCF9488}"
EndProject
Project("{FAE04EC0-301F-11D3-BF4B-00C04F79EFBC}") = "Common.Actors", "Common.Actors\Common.Actors.csproj", "{CDEFF57A-39A0-4CD3-B4AB-BF7425F8D55F}"
EndProject
Project("{FAE04EC0-301F-11D3-BF4B-00C04F79EFBC}") = "Frontend", "Frontend\Frontend.csproj", "{373877F8-6A17-43BA-B4A3-7056C60F3752}"
EndProject
Project("{FAE04EC0-301F-11D3-BF4B-00C04F79EFBC}") = "Backend", "Backend\Backend.csproj", "{4CADF6A8-9B58-420C-95A5-3E6D8DE5E6C4}"
EndProject
Global
	GlobalSection(SolutionConfigurationPlatforms) = preSolution
		Debug|Any CPU = Debug|Any CPU
		Release|Any CPU = Release|Any CPU
	EndGlobalSection
	GlobalSection(ProjectConfigurationPlatforms) = postSolution
		{E0CF388C-4331-40B9-8404-C27BC53D7B29}.Debug|Any CPU.ActiveCfg = Debug|Any CPU
		{E0CF388C-4331-40B9-8404-C27BC53D7B29}.Debug|Any CPU.Build.0 = Debug|Any CPU
		{E0CF388C-4331-40B9-8404-C27BC53D7B29}.Release|Any CPU.ActiveCfg = Release|Any CPU
		{E0CF388C-4331-40B9-8404-C27BC53D7B29}.Release|Any CPU.Build.0 = Release|Any CPU
		{1350C4B1-908E-49A3-B4AB-694EBCCF9488}.Debug|Any CPU.ActiveCfg = Debug|Any CPU
		{1350C4B1-908E-49A3-B4AB-694EBCCF9488}.Debug|Any CPU.Build.0 = Debug|Any CPU
		{1350C4B1-908E-49A3-B4AB-694EBCCF9488}.Release|Any CPU.ActiveCfg = Release|Any CPU
		{1350C4B1-908E-49A3-B4AB-694EBCCF9488}.Release|Any CPU.Build.0 = Release|Any CPU
		{CDEFF57A-39A0-4CD3-B4AB-BF7425F8D55F}.Debug|Any CPU.ActiveCfg = Debug|Any CPU
		{CDEFF57A-39A0-4CD3-B4AB-BF7425F8D55F}.Debug|Any CPU.Build.0 = Debug|Any CPU
		{CDEFF57A-39A0-4CD3-B4AB-BF7425F8D55F}.Release|Any CPU.ActiveCfg = Release|Any CPU
		{CDEFF57A-39A0-4CD3-B4AB-BF7425F8D55F}.Release|Any CPU.Build.0 = Release|Any CPU
		{373877F8-6A17-43BA-B4A3-7056C60F3752}.Debug|Any CPU.ActiveCfg = Debug|Any CPU
		{373877F8-6A17-43BA-B4A3-7056C60F3752}.Debug|Any CPU.Build.0 = Debug|Any CPU
		{373877F8-6A17-43BA-B4A3-7056C60F3752}.Release|Any CPU.ActiveCfg = Release|Any CPU
		{373877F8-6A17-43BA-B4A3-7056C60F3752}.Release|Any CPU.Build.0 = Release|Any CPU
		{4CADF6A8-9B58-420C-95A5-3E6D8DE5E6C4}.Debug|Any CPU.ActiveCfg = Debug|Any CPU
		{4CADF6A8-9B58-420C-95A5-3E6D8DE5E6C4}.Debug|Any CPU.Build.0 = Debug|Any CPU
		{4CADF6A8-9B58-420C-95A5-3E6D8DE5E6C4}.Release|Any CPU.ActiveCfg = Release|Any CPU
		{4CADF6A8-9B58-420C-95A5-3E6D8DE5E6C4}.Release|Any CPU.Build.0 = Release|Any CPU
	EndGlobalSection
	GlobalSection(SolutionProperties) = preSolution
		HideSolutionNode = FALSE
	EndGlobalSection
EndGlobal
